
Microsoft Visual Studio Solution File, Format Version 12.00
# Visual Studio Version 16
VisualStudioVersion = 16.0.30717.126
MinimumVisualStudioVersion = 10.0.40219.1
Project("{2150E333-8FDC-42A3-9474-1A3956D46DE8}") = "src", "src", "{A53245EA-70B9-4EA1-868E-D43BF84B4C90}"
EndProject
Project("{2150E333-8FDC-42A3-9474-1A3956D46DE8}") = "tests", "tests", "{E9D5FAFD-E5AC-47F7-B5DC-85AE6843F265}"
EndProject
Project("{9A19103F-16F7-4668-BE54-9A1E7A4F7556}") = "ShortLinkGenerator.Core", "ShortLinkGenerator.Core\ShortLinkGenerator.Core.csproj", "{4A7DB93B-FDB6-4C09-B72A-D225DC8FE882}"
EndProject
Project("{9A19103F-16F7-4668-BE54-9A1E7A4F7556}") = "ShortLinkGenerator.EF.Persistence", "ShortLinkGenerator.EF.Persistence\ShortLinkGenerator.EF.Persistence.csproj", "{289921A8-1958-45BF-B706-7A5F5A48EC32}"
EndProject
Project("{9A19103F-16F7-4668-BE54-9A1E7A4F7556}") = "ShortLinkGenerator.DomainContracts", "ShortLinkGenerator.DomainContracts\ShortLinkGenerator.DomainContracts.csproj", "{C55DBBB4-58AF-4034-8F3B-65C8F26B9730}"
EndProject
Project("{9A19103F-16F7-4668-BE54-9A1E7A4F7556}") = "ShortLinkGenerator.DomainServices", "ShortLinkGenerator.DomainServices\ShortLinkGenerator.DomainServices.csproj", "{8841704B-E8DD-4DC6-955E-DC01834A2BBB}"
EndProject
Project("{9A19103F-16F7-4668-BE54-9A1E7A4F7556}") = "ShortLinkGenerator.ApplicationContracts", "ShortLinkGenerator.ApplicationContracts\ShortLinkGenerator.ApplicationContracts.csproj", "{64367180-FD48-47B7-8C2A-D58F42CE1EFA}"
EndProject
Project("{FAE04EC0-301F-11D3-BF4B-00C04F79EFBC}") = "ShortLinkGenerator.ApplicationServices", "ShortLinkGenerator.ApplicationServices\ShortLinkGenerator.ApplicationServices.csproj", "{BC704874-FAAD-4E9E-9F25-479F62E99E36}"
EndProject
Project("{FAE04EC0-301F-11D3-BF4B-00C04F79EFBC}") = "ShortLinkGenerator.Api", "ShortLinkGenerator.Api\ShortLinkGenerator.Api.csproj", "{E457A3E5-4424-4770-A0F6-21B89F270FDB}"
EndProject
Global
	GlobalSection(SolutionConfigurationPlatforms) = preSolution
		Debug|Any CPU = Debug|Any CPU
		Release|Any CPU = Release|Any CPU
	EndGlobalSection
	GlobalSection(ProjectConfigurationPlatforms) = postSolution
		{4A7DB93B-FDB6-4C09-B72A-D225DC8FE882}.Debug|Any CPU.ActiveCfg = Debug|Any CPU
		{4A7DB93B-FDB6-4C09-B72A-D225DC8FE882}.Debug|Any CPU.Build.0 = Debug|Any CPU
		{4A7DB93B-FDB6-4C09-B72A-D225DC8FE882}.Release|Any CPU.ActiveCfg = Release|Any CPU
		{4A7DB93B-FDB6-4C09-B72A-D225DC8FE882}.Release|Any CPU.Build.0 = Release|Any CPU
		{289921A8-1958-45BF-B706-7A5F5A48EC32}.Debug|Any CPU.ActiveCfg = Debug|Any CPU
		{289921A8-1958-45BF-B706-7A5F5A48EC32}.Debug|Any CPU.Build.0 = Debug|Any CPU
		{289921A8-1958-45BF-B706-7A5F5A48EC32}.Release|Any CPU.ActiveCfg = Release|Any CPU
		{289921A8-1958-45BF-B706-7A5F5A48EC32}.Release|Any CPU.Build.0 = Release|Any CPU
		{C55DBBB4-58AF-4034-8F3B-65C8F26B9730}.Debug|Any CPU.ActiveCfg = Debug|Any CPU
		{C55DBBB4-58AF-4034-8F3B-65C8F26B9730}.Debug|Any CPU.Build.0 = Debug|Any CPU
		{C55DBBB4-58AF-4034-8F3B-65C8F26B9730}.Release|Any CPU.ActiveCfg = Release|Any CPU
		{C55DBBB4-58AF-4034-8F3B-65C8F26B9730}.Release|Any CPU.Build.0 = Release|Any CPU
		{8841704B-E8DD-4DC6-955E-DC01834A2BBB}.Debug|Any CPU.ActiveCfg = Debug|Any CPU
		{8841704B-E8DD-4DC6-955E-DC01834A2BBB}.Debug|Any CPU.Build.0 = Debug|Any CPU
		{8841704B-E8DD-4DC6-955E-DC01834A2BBB}.Release|Any CPU.ActiveCfg = Release|Any CPU
		{8841704B-E8DD-4DC6-955E-DC01834A2BBB}.Release|Any CPU.Build.0 = Release|Any CPU
		{64367180-FD48-47B7-8C2A-D58F42CE1EFA}.Debug|Any CPU.ActiveCfg = Debug|Any CPU
		{64367180-FD48-47B7-8C2A-D58F42CE1EFA}.Debug|Any CPU.Build.0 = Debug|Any CPU
		{64367180-FD48-47B7-8C2A-D58F42CE1EFA}.Release|Any CPU.ActiveCfg = Release|Any CPU
		{64367180-FD48-47B7-8C2A-D58F42CE1EFA}.Release|Any CPU.Build.0 = Release|Any CPU
		{BC704874-FAAD-4E9E-9F25-479F62E99E36}.Debug|Any CPU.ActiveCfg = Debug|Any CPU
		{BC704874-FAAD-4E9E-9F25-479F62E99E36}.Debug|Any CPU.Build.0 = Debug|Any CPU
		{BC704874-FAAD-4E9E-9F25-479F62E99E36}.Release|Any CPU.ActiveCfg = Release|Any CPU
		{BC704874-FAAD-4E9E-9F25-479F62E99E36}.Release|Any CPU.Build.0 = Release|Any CPU
		{E457A3E5-4424-4770-A0F6-21B89F270FDB}.Debug|Any CPU.ActiveCfg = Debug|Any CPU
		{E457A3E5-4424-4770-A0F6-21B89F270FDB}.Debug|Any CPU.Build.0 = Debug|Any CPU
		{E457A3E5-4424-4770-A0F6-21B89F270FDB}.Release|Any CPU.ActiveCfg = Release|Any CPU
		{E457A3E5-4424-4770-A0F6-21B89F270FDB}.Release|Any CPU.Build.0 = Release|Any CPU
	EndGlobalSection
	GlobalSection(SolutionProperties) = preSolution
		HideSolutionNode = FALSE
	EndGlobalSection
	GlobalSection(NestedProjects) = preSolution
		{4A7DB93B-FDB6-4C09-B72A-D225DC8FE882} = {A53245EA-70B9-4EA1-868E-D43BF84B4C90}
		{289921A8-1958-45BF-B706-7A5F5A48EC32} = {A53245EA-70B9-4EA1-868E-D43BF84B4C90}
		{C55DBBB4-58AF-4034-8F3B-65C8F26B9730} = {A53245EA-70B9-4EA1-868E-D43BF84B4C90}
		{8841704B-E8DD-4DC6-955E-DC01834A2BBB} = {A53245EA-70B9-4EA1-868E-D43BF84B4C90}
		{64367180-FD48-47B7-8C2A-D58F42CE1EFA} = {A53245EA-70B9-4EA1-868E-D43BF84B4C90}
		{BC704874-FAAD-4E9E-9F25-479F62E99E36} = {A53245EA-70B9-4EA1-868E-D43BF84B4C90}
		{E457A3E5-4424-4770-A0F6-21B89F270FDB} = {A53245EA-70B9-4EA1-868E-D43BF84B4C90}
	EndGlobalSection
	GlobalSection(ExtensibilityGlobals) = postSolution
		SolutionGuid = {2AC72838-B72F-4CB6-80BD-13D11321016B}
	EndGlobalSection
EndGlobal
